
Microsoft Visual Studio Solution File, Format Version 12.00
# Visual Studio Version 16
VisualStudioVersion = 16.0.30011.22
MinimumVisualStudioVersion = 10.0.40219.1
Project("{FAE04EC0-301F-11D3-BF4B-00C04F79EFBC}") = "SmmryCoreSharp", "SmmryCoreSharp\SmmryCoreSharp.csproj", "{9EF896A3-ECE3-4707-8543-B43A0F3C1D95}"
EndProject
Global
	GlobalSection(SolutionConfigurationPlatforms) = preSolution
		Debug|Any CPU = Debug|Any CPU
		Release|Any CPU = Release|Any CPU
	EndGlobalSection
	GlobalSection(ProjectConfigurationPlatforms) = postSolution
		{9EF896A3-ECE3-4707-8543-B43A0F3C1D95}.Debug|Any CPU.ActiveCfg = Debug|Any CPU
		{9EF896A3-ECE3-4707-8543-B43A0F3C1D95}.Debug|Any CPU.Build.0 = Debug|Any CPU
		{9EF896A3-ECE3-4707-8543-B43A0F3C1D95}.Release|Any CPU.ActiveCfg = Release|Any CPU
		{9EF896A3-ECE3-4707-8543-B43A0F3C1D95}.Release|Any CPU.Build.0 = Release|Any CPU
	EndGlobalSection
	GlobalSection(SolutionProperties) = preSolution
		HideSolutionNode = FALSE
	EndGlobalSection
	GlobalSection(ExtensibilityGlobals) = postSolution
		SolutionGuid = {BD064367-B7E9-496D-B8BA-F9068F64FD4F}
	EndGlobalSection
EndGlobal
